
Microsoft Visual Studio Solution File, Format Version 12.00
# Visual Studio Version 17
VisualStudioVersion = 17.0.31903.59
MinimumVisualStudioVersion = 10.0.40219.1
Project("{FAE04EC0-301F-11D3-BF4B-00C04F79EFBC}") = "Practice.AppHost", "Practice.AppHost\Practice.AppHost.csproj", "{89C164B5-66E5-4233-B340-5ECCF42E807C}"
EndProject
Project("{FAE04EC0-301F-11D3-BF4B-00C04F79EFBC}") = "Dispatch", "Dispatch\Dispatch.csproj", "{A771F862-718F-473E-9DE2-873E7C19D323}"
EndProject
Project("{FAE04EC0-301F-11D3-BF4B-00C04F79EFBC}") = "Practice.ServiceDefaults", "Practice.ServiceDefaults\Practice.ServiceDefaults.csproj", "{F6D9E22B-EAF5-4467-8B02-18D1BD2F1CB8}"
EndProject
Global
	GlobalSection(SolutionConfigurationPlatforms) = preSolution
		Debug|Any CPU = Debug|Any CPU
		Debug|x64 = Debug|x64
		Debug|x86 = Debug|x86
		Release|Any CPU = Release|Any CPU
		Release|x64 = Release|x64
		Release|x86 = Release|x86
	EndGlobalSection
	GlobalSection(ProjectConfigurationPlatforms) = postSolution
		{89C164B5-66E5-4233-B340-5ECCF42E807C}.Debug|Any CPU.ActiveCfg = Debug|Any CPU
		{89C164B5-66E5-4233-B340-5ECCF42E807C}.Debug|Any CPU.Build.0 = Debug|Any CPU
		{89C164B5-66E5-4233-B340-5ECCF42E807C}.Debug|x64.ActiveCfg = Debug|Any CPU
		{89C164B5-66E5-4233-B340-5ECCF42E807C}.Debug|x64.Build.0 = Debug|Any CPU
		{89C164B5-66E5-4233-B340-5ECCF42E807C}.Debug|x86.ActiveCfg = Debug|Any CPU
		{89C164B5-66E5-4233-B340-5ECCF42E807C}.Debug|x86.Build.0 = Debug|Any CPU
		{89C164B5-66E5-4233-B340-5ECCF42E807C}.Release|Any CPU.ActiveCfg = Release|Any CPU
		{89C164B5-66E5-4233-B340-5ECCF42E807C}.Release|Any CPU.Build.0 = Release|Any CPU
		{89C164B5-66E5-4233-B340-5ECCF42E807C}.Release|x64.ActiveCfg = Release|Any CPU
		{89C164B5-66E5-4233-B340-5ECCF42E807C}.Release|x64.Build.0 = Release|Any CPU
		{89C164B5-66E5-4233-B340-5ECCF42E807C}.Release|x86.ActiveCfg = Release|Any CPU
		{89C164B5-66E5-4233-B340-5ECCF42E807C}.Release|x86.Build.0 = Release|Any CPU
		{A771F862-718F-473E-9DE2-873E7C19D323}.Debug|Any CPU.ActiveCfg = Debug|Any CPU
		{A771F862-718F-473E-9DE2-873E7C19D323}.Debug|Any CPU.Build.0 = Debug|Any CPU
		{A771F862-718F-473E-9DE2-873E7C19D323}.Debug|x64.ActiveCfg = Debug|Any CPU
		{A771F862-718F-473E-9DE2-873E7C19D323}.Debug|x64.Build.0 = Debug|Any CPU
		{A771F862-718F-473E-9DE2-873E7C19D323}.Debug|x86.ActiveCfg = Debug|Any CPU
		{A771F862-718F-473E-9DE2-873E7C19D323}.Debug|x86.Build.0 = Debug|Any CPU
		{A771F862-718F-473E-9DE2-873E7C19D323}.Release|Any CPU.ActiveCfg = Release|Any CPU
		{A771F862-718F-473E-9DE2-873E7C19D323}.Release|Any CPU.Build.0 = Release|Any CPU
		{A771F862-718F-473E-9DE2-873E7C19D323}.Release|x64.ActiveCfg = Release|Any CPU
		{A771F862-718F-473E-9DE2-873E7C19D323}.Release|x64.Build.0 = Release|Any CPU
		{A771F862-718F-473E-9DE2-873E7C19D323}.Release|x86.ActiveCfg = Release|Any CPU
		{A771F862-718F-473E-9DE2-873E7C19D323}.Release|x86.Build.0 = Release|Any CPU
		{F6D9E22B-EAF5-4467-8B02-18D1BD2F1CB8}.Debug|Any CPU.ActiveCfg = Debug|Any CPU
		{F6D9E22B-EAF5-4467-8B02-18D1BD2F1CB8}.Debug|Any CPU.Build.0 = Debug|Any CPU
		{F6D9E22B-EAF5-4467-8B02-18D1BD2F1CB8}.Debug|x64.ActiveCfg = Debug|Any CPU
		{F6D9E22B-EAF5-4467-8B02-18D1BD2F1CB8}.Debug|x64.Build.0 = Debug|Any CPU
		{F6D9E22B-EAF5-4467-8B02-18D1BD2F1CB8}.Debug|x86.ActiveCfg = Debug|Any CPU
		{F6D9E22B-EAF5-4467-8B02-18D1BD2F1CB8}.Debug|x86.Build.0 = Debug|Any CPU
		{F6D9E22B-EAF5-4467-8B02-18D1BD2F1CB8}.Release|Any CPU.ActiveCfg = Release|Any CPU
		{F6D9E22B-EAF5-4467-8B02-18D1BD2F1CB8}.Release|Any CPU.Build.0 = Release|Any CPU
		{F6D9E22B-EAF5-4467-8B02-18D1BD2F1CB8}.Release|x64.ActiveCfg = Release|Any CPU
		{F6D9E22B-EAF5-4467-8B02-18D1BD2F1CB8}.Release|x64.Build.0 = Release|Any CPU
		{F6D9E22B-EAF5-4467-8B02-18D1BD2F1CB8}.Release|x86.ActiveCfg = Release|Any CPU
		{F6D9E22B-EAF5-4467-8B02-18D1BD2F1CB8}.Release|x86.Build.0 = Release|Any CPU
	EndGlobalSection
	GlobalSection(SolutionProperties) = preSolution
		HideSolutionNode = FALSE
	EndGlobalSection
EndGlobal
