
Microsoft Visual Studio Solution File, Format Version 12.00
# Visual Studio Version 17
VisualStudioVersion = 17.8.0.0
MinimumVisualStudioVersion = 17.8.0.0
Project("{9A19103F-16F7-4668-BE54-9A1E7A4F7556}") = "WorkOrders.AppHost", "WorkOrders.AppHost\WorkOrders.AppHost.csproj", "{B5204302-EF1A-4B93-A26E-590AC11C5EAA}"
EndProject
Project("{9A19103F-16F7-4668-BE54-9A1E7A4F7556}") = "WorkOrders.ServiceDefaults", "WorkOrders.ServiceDefaults\WorkOrders.ServiceDefaults.csproj", "{10C385A5-07A9-4D3D-976E-CF86D317E3CE}"
EndProject
Project("{FAE04EC0-301F-11D3-BF4B-00C04F79EFBC}") = "WorkOrders.Api", "WorkOrders.Api\WorkOrders.Api.csproj", "{E91B2685-74D4-4B53-85CC-2E9E1688FA93}"
EndProject
Project("{FAE04EC0-301F-11D3-BF4B-00C04F79EFBC}") = "WorkOrders.Routing", "WorkOrders.Routing\WorkOrders.Routing.csproj", "{C8D9D024-E014-48D4-964E-6AED8614CB7F}"
EndProject
Project("{FAE04EC0-301F-11D3-BF4B-00C04F79EFBC}") = "WorkOrders.Notifications", "WorkOrders.Notifications\WorkOrders.Notifications.csproj", "{661ADBF1-6474-41C6-8011-19C0132CE93C}"
EndProject
Project("{FAE04EC0-301F-11D3-BF4B-00C04F79EFBC}") = "WorkOrders.Contracts", "WorkOrders.Contracts\WorkOrders.Contracts.csproj", "{F2A7AF3C-1708-4FF6-A8DD-E0274D1314B9}"
EndProject
Global
	GlobalSection(SolutionConfigurationPlatforms) = preSolution
		Debug|Any CPU = Debug|Any CPU
		Debug|x64 = Debug|x64
		Debug|x86 = Debug|x86
		Release|Any CPU = Release|Any CPU
		Release|x64 = Release|x64
		Release|x86 = Release|x86
	EndGlobalSection
	GlobalSection(ProjectConfigurationPlatforms) = postSolution
		{B5204302-EF1A-4B93-A26E-590AC11C5EAA}.Debug|Any CPU.ActiveCfg = Debug|Any CPU
		{B5204302-EF1A-4B93-A26E-590AC11C5EAA}.Debug|Any CPU.Build.0 = Debug|Any CPU
		{B5204302-EF1A-4B93-A26E-590AC11C5EAA}.Debug|x64.ActiveCfg = Debug|Any CPU
		{B5204302-EF1A-4B93-A26E-590AC11C5EAA}.Debug|x64.Build.0 = Debug|Any CPU
		{B5204302-EF1A-4B93-A26E-590AC11C5EAA}.Debug|x86.ActiveCfg = Debug|Any CPU
		{B5204302-EF1A-4B93-A26E-590AC11C5EAA}.Debug|x86.Build.0 = Debug|Any CPU
		{B5204302-EF1A-4B93-A26E-590AC11C5EAA}.Release|Any CPU.ActiveCfg = Release|Any CPU
		{B5204302-EF1A-4B93-A26E-590AC11C5EAA}.Release|Any CPU.Build.0 = Release|Any CPU
		{B5204302-EF1A-4B93-A26E-590AC11C5EAA}.Release|x64.ActiveCfg = Release|Any CPU
		{B5204302-EF1A-4B93-A26E-590AC11C5EAA}.Release|x64.Build.0 = Release|Any CPU
		{B5204302-EF1A-4B93-A26E-590AC11C5EAA}.Release|x86.ActiveCfg = Release|Any CPU
		{B5204302-EF1A-4B93-A26E-590AC11C5EAA}.Release|x86.Build.0 = Release|Any CPU
		{10C385A5-07A9-4D3D-976E-CF86D317E3CE}.Debug|Any CPU.ActiveCfg = Debug|Any CPU
		{10C385A5-07A9-4D3D-976E-CF86D317E3CE}.Debug|Any CPU.Build.0 = Debug|Any CPU
		{10C385A5-07A9-4D3D-976E-CF86D317E3CE}.Debug|x64.ActiveCfg = Debug|Any CPU
		{10C385A5-07A9-4D3D-976E-CF86D317E3CE}.Debug|x64.Build.0 = Debug|Any CPU
		{10C385A5-07A9-4D3D-976E-CF86D317E3CE}.Debug|x86.ActiveCfg = Debug|Any CPU
		{10C385A5-07A9-4D3D-976E-CF86D317E3CE}.Debug|x86.Build.0 = Debug|Any CPU
		{10C385A5-07A9-4D3D-976E-CF86D317E3CE}.Release|Any CPU.ActiveCfg = Release|Any CPU
		{10C385A5-07A9-4D3D-976E-CF86D317E3CE}.Release|Any CPU.Build.0 = Release|Any CPU
		{10C385A5-07A9-4D3D-976E-CF86D317E3CE}.Release|x64.ActiveCfg = Release|Any CPU
		{10C385A5-07A9-4D3D-976E-CF86D317E3CE}.Release|x64.Build.0 = Release|Any CPU
		{10C385A5-07A9-4D3D-976E-CF86D317E3CE}.Release|x86.ActiveCfg = Release|Any CPU
		{10C385A5-07A9-4D3D-976E-CF86D317E3CE}.Release|x86.Build.0 = Release|Any CPU
		{E91B2685-74D4-4B53-85CC-2E9E1688FA93}.Debug|Any CPU.ActiveCfg = Debug|Any CPU
		{E91B2685-74D4-4B53-85CC-2E9E1688FA93}.Debug|Any CPU.Build.0 = Debug|Any CPU
		{E91B2685-74D4-4B53-85CC-2E9E1688FA93}.Debug|x64.ActiveCfg = Debug|Any CPU
		{E91B2685-74D4-4B53-85CC-2E9E1688FA93}.Debug|x64.Build.0 = Debug|Any CPU
		{E91B2685-74D4-4B53-85CC-2E9E1688FA93}.Debug|x86.ActiveCfg = Debug|Any CPU
		{E91B2685-74D4-4B53-85CC-2E9E1688FA93}.Debug|x86.Build.0 = Debug|Any CPU
		{E91B2685-74D4-4B53-85CC-2E9E1688FA93}.Release|Any CPU.ActiveCfg = Release|Any CPU
		{E91B2685-74D4-4B53-85CC-2E9E1688FA93}.Release|Any CPU.Build.0 = Release|Any CPU
		{E91B2685-74D4-4B53-85CC-2E9E1688FA93}.Release|x64.ActiveCfg = Release|Any CPU
		{E91B2685-74D4-4B53-85CC-2E9E1688FA93}.Release|x64.Build.0 = Release|Any CPU
		{E91B2685-74D4-4B53-85CC-2E9E1688FA93}.Release|x86.ActiveCfg = Release|Any CPU
		{E91B2685-74D4-4B53-85CC-2E9E1688FA93}.Release|x86.Build.0 = Release|Any CPU
		{C8D9D024-E014-48D4-964E-6AED8614CB7F}.Debug|Any CPU.ActiveCfg = Debug|Any CPU
		{C8D9D024-E014-48D4-964E-6AED8614CB7F}.Debug|Any CPU.Build.0 = Debug|Any CPU
		{C8D9D024-E014-48D4-964E-6AED8614CB7F}.Debug|x64.ActiveCfg = Debug|Any CPU
		{C8D9D024-E014-48D4-964E-6AED8614CB7F}.Debug|x64.Build.0 = Debug|Any CPU
		{C8D9D024-E014-48D4-964E-6AED8614CB7F}.Debug|x86.ActiveCfg = Debug|Any CPU
		{C8D9D024-E014-48D4-964E-6AED8614CB7F}.Debug|x86.Build.0 = Debug|Any CPU
		{C8D9D024-E014-48D4-964E-6AED8614CB7F}.Release|Any CPU.ActiveCfg = Release|Any CPU
		{C8D9D024-E014-48D4-964E-6AED8614CB7F}.Release|Any CPU.Build.0 = Release|Any CPU
		{C8D9D024-E014-48D4-964E-6AED8614CB7F}.Release|x64.ActiveCfg = Release|Any CPU
		{C8D9D024-E014-48D4-964E-6AED8614CB7F}.Release|x64.Build.0 = Release|Any CPU
		{C8D9D024-E014-48D4-964E-6AED8614CB7F}.Release|x86.ActiveCfg = Release|Any CPU
		{C8D9D024-E014-48D4-964E-6AED8614CB7F}.Release|x86.Build.0 = Release|Any CPU
		{661ADBF1-6474-41C6-8011-19C0132CE93C}.Debug|Any CPU.ActiveCfg = Debug|Any CPU
		{661ADBF1-6474-41C6-8011-19C0132CE93C}.Debug|Any CPU.Build.0 = Debug|Any CPU
		{661ADBF1-6474-41C6-8011-19C0132CE93C}.Debug|x64.ActiveCfg = Debug|Any CPU
		{661ADBF1-6474-41C6-8011-19C0132CE93C}.Debug|x64.Build.0 = Debug|Any CPU
		{661ADBF1-6474-41C6-8011-19C0132CE93C}.Debug|x86.ActiveCfg = Debug|Any CPU
		{661ADBF1-6474-41C6-8011-19C0132CE93C}.Debug|x86.Build.0 = Debug|Any CPU
		{661ADBF1-6474-41C6-8011-19C0132CE93C}.Release|Any CPU.ActiveCfg = Release|Any CPU
		{661ADBF1-6474-41C6-8011-19C0132CE93C}.Release|Any CPU.Build.0 = Release|Any CPU
		{661ADBF1-6474-41C6-8011-19C0132CE93C}.Release|x64.ActiveCfg = Release|Any CPU
		{661ADBF1-6474-41C6-8011-19C0132CE93C}.Release|x64.Build.0 = Release|Any CPU
		{661ADBF1-6474-41C6-8011-19C0132CE93C}.Release|x86.ActiveCfg = Release|Any CPU
		{661ADBF1-6474-41C6-8011-19C0132CE93C}.Release|x86.Build.0 = Release|Any CPU
		{F2A7AF3C-1708-4FF6-A8DD-E0274D1314B9}.Debug|Any CPU.ActiveCfg = Debug|Any CPU
		{F2A7AF3C-1708-4FF6-A8DD-E0274D1314B9}.Debug|Any CPU.Build.0 = Debug|Any CPU
		{F2A7AF3C-1708-4FF6-A8DD-E0274D1314B9}.Debug|x64.ActiveCfg = Debug|Any CPU
		{F2A7AF3C-1708-4FF6-A8DD-E0274D1314B9}.Debug|x64.Build.0 = Debug|Any CPU
		{F2A7AF3C-1708-4FF6-A8DD-E0274D1314B9}.Debug|x86.ActiveCfg = Debug|Any CPU
		{F2A7AF3C-1708-4FF6-A8DD-E0274D1314B9}.Debug|x86.Build.0 = Debug|Any CPU
		{F2A7AF3C-1708-4FF6-A8DD-E0274D1314B9}.Release|Any CPU.ActiveCfg = Release|Any CPU
		{F2A7AF3C-1708-4FF6-A8DD-E0274D1314B9}.Release|Any CPU.Build.0 = Release|Any CPU
		{F2A7AF3C-1708-4FF6-A8DD-E0274D1314B9}.Release|x64.ActiveCfg = Release|Any CPU
		{F2A7AF3C-1708-4FF6-A8DD-E0274D1314B9}.Release|x64.Build.0 = Release|Any CPU
		{F2A7AF3C-1708-4FF6-A8DD-E0274D1314B9}.Release|x86.ActiveCfg = Release|Any CPU
		{F2A7AF3C-1708-4FF6-A8DD-E0274D1314B9}.Release|x86.Build.0 = Release|Any CPU
	EndGlobalSection
	GlobalSection(SolutionProperties) = preSolution
		HideSolutionNode = FALSE
	EndGlobalSection
	GlobalSection(ExtensibilityGlobals) = postSolution
		SolutionGuid = {3C99B3FD-9270-4B49-A125-1E2D021A1965}
	EndGlobalSection
EndGlobal
