
Microsoft Visual Studio Solution File, Format Version 12.00
# Visual Studio Version 17
VisualStudioVersion = 17.8.0.0
MinimumVisualStudioVersion = 17.8.0.0
Project("{9A19103F-16F7-4668-BE54-9A1E7A4F7556}") = "Practice.AppHost", "Practice.AppHost\Practice.AppHost.csproj", "{A6408673-9B8A-4228-A993-60F9750B70B5}"
EndProject
Project("{9A19103F-16F7-4668-BE54-9A1E7A4F7556}") = "Practice.ServiceDefaults", "Practice.ServiceDefaults\Practice.ServiceDefaults.csproj", "{F44C0396-A128-4E3E-AF65-4F0B09763D1E}"
EndProject
Project("{FAE04EC0-301F-11D3-BF4B-00C04F79EFBC}") = "Orders", "Orders\Orders.csproj", "{E40BAC11-A39D-444A-83D3-E007D450CA1E}"
EndProject
Project("{FAE04EC0-301F-11D3-BF4B-00C04F79EFBC}") = "Crew", "Crew\Crew.csproj", "{26A32553-2010-407E-8CBC-5F171AA22AFA}"
EndProject
Project("{FAE04EC0-301F-11D3-BF4B-00C04F79EFBC}") = "Practice.Contracts", "Practice.Contracts\Practice.Contracts.csproj", "{BA22EDA5-7CF5-46AF-B70B-571686437D49}"
EndProject
Project("{FAE04EC0-301F-11D3-BF4B-00C04F79EFBC}") = "Notifications", "Notifications\Notifications.csproj", "{4C754F8B-9752-480C-9E10-FB908895739F}"
EndProject
Global
	GlobalSection(SolutionConfigurationPlatforms) = preSolution
		Debug|Any CPU = Debug|Any CPU
		Debug|x64 = Debug|x64
		Debug|x86 = Debug|x86
		Release|Any CPU = Release|Any CPU
		Release|x64 = Release|x64
		Release|x86 = Release|x86
	EndGlobalSection
	GlobalSection(ProjectConfigurationPlatforms) = postSolution
		{A6408673-9B8A-4228-A993-60F9750B70B5}.Debug|Any CPU.ActiveCfg = Debug|Any CPU
		{A6408673-9B8A-4228-A993-60F9750B70B5}.Debug|Any CPU.Build.0 = Debug|Any CPU
		{A6408673-9B8A-4228-A993-60F9750B70B5}.Debug|x64.ActiveCfg = Debug|Any CPU
		{A6408673-9B8A-4228-A993-60F9750B70B5}.Debug|x64.Build.0 = Debug|Any CPU
		{A6408673-9B8A-4228-A993-60F9750B70B5}.Debug|x86.ActiveCfg = Debug|Any CPU
		{A6408673-9B8A-4228-A993-60F9750B70B5}.Debug|x86.Build.0 = Debug|Any CPU
		{A6408673-9B8A-4228-A993-60F9750B70B5}.Release|Any CPU.ActiveCfg = Release|Any CPU
		{A6408673-9B8A-4228-A993-60F9750B70B5}.Release|Any CPU.Build.0 = Release|Any CPU
		{A6408673-9B8A-4228-A993-60F9750B70B5}.Release|x64.ActiveCfg = Release|Any CPU
		{A6408673-9B8A-4228-A993-60F9750B70B5}.Release|x64.Build.0 = Release|Any CPU
		{A6408673-9B8A-4228-A993-60F9750B70B5}.Release|x86.ActiveCfg = Release|Any CPU
		{A6408673-9B8A-4228-A993-60F9750B70B5}.Release|x86.Build.0 = Release|Any CPU
		{F44C0396-A128-4E3E-AF65-4F0B09763D1E}.Debug|Any CPU.ActiveCfg = Debug|Any CPU
		{F44C0396-A128-4E3E-AF65-4F0B09763D1E}.Debug|Any CPU.Build.0 = Debug|Any CPU
		{F44C0396-A128-4E3E-AF65-4F0B09763D1E}.Debug|x64.ActiveCfg = Debug|Any CPU
		{F44C0396-A128-4E3E-AF65-4F0B09763D1E}.Debug|x64.Build.0 = Debug|Any CPU
		{F44C0396-A128-4E3E-AF65-4F0B09763D1E}.Debug|x86.ActiveCfg = Debug|Any CPU
		{F44C0396-A128-4E3E-AF65-4F0B09763D1E}.Debug|x86.Build.0 = Debug|Any CPU
		{F44C0396-A128-4E3E-AF65-4F0B09763D1E}.Release|Any CPU.ActiveCfg = Release|Any CPU
		{F44C0396-A128-4E3E-AF65-4F0B09763D1E}.Release|Any CPU.Build.0 = Release|Any CPU
		{F44C0396-A128-4E3E-AF65-4F0B09763D1E}.Release|x64.ActiveCfg = Release|Any CPU
		{F44C0396-A128-4E3E-AF65-4F0B09763D1E}.Release|x64.Build.0 = Release|Any CPU
		{F44C0396-A128-4E3E-AF65-4F0B09763D1E}.Release|x86.ActiveCfg = Release|Any CPU
		{F44C0396-A128-4E3E-AF65-4F0B09763D1E}.Release|x86.Build.0 = Release|Any CPU
		{E40BAC11-A39D-444A-83D3-E007D450CA1E}.Debug|Any CPU.ActiveCfg = Debug|Any CPU
		{E40BAC11-A39D-444A-83D3-E007D450CA1E}.Debug|Any CPU.Build.0 = Debug|Any CPU
		{E40BAC11-A39D-444A-83D3-E007D450CA1E}.Debug|x64.ActiveCfg = Debug|Any CPU
		{E40BAC11-A39D-444A-83D3-E007D450CA1E}.Debug|x64.Build.0 = Debug|Any CPU
		{E40BAC11-A39D-444A-83D3-E007D450CA1E}.Debug|x86.ActiveCfg = Debug|Any CPU
		{E40BAC11-A39D-444A-83D3-E007D450CA1E}.Debug|x86.Build.0 = Debug|Any CPU
		{E40BAC11-A39D-444A-83D3-E007D450CA1E}.Release|Any CPU.ActiveCfg = Release|Any CPU
		{E40BAC11-A39D-444A-83D3-E007D450CA1E}.Release|Any CPU.Build.0 = Release|Any CPU
		{E40BAC11-A39D-444A-83D3-E007D450CA1E}.Release|x64.ActiveCfg = Release|Any CPU
		{E40BAC11-A39D-444A-83D3-E007D450CA1E}.Release|x64.Build.0 = Release|Any CPU
		{E40BAC11-A39D-444A-83D3-E007D450CA1E}.Release|x86.ActiveCfg = Release|Any CPU
		{E40BAC11-A39D-444A-83D3-E007D450CA1E}.Release|x86.Build.0 = Release|Any CPU
		{26A32553-2010-407E-8CBC-5F171AA22AFA}.Debug|Any CPU.ActiveCfg = Debug|Any CPU
		{26A32553-2010-407E-8CBC-5F171AA22AFA}.Debug|Any CPU.Build.0 = Debug|Any CPU
		{26A32553-2010-407E-8CBC-5F171AA22AFA}.Debug|x64.ActiveCfg = Debug|Any CPU
		{26A32553-2010-407E-8CBC-5F171AA22AFA}.Debug|x64.Build.0 = Debug|Any CPU
		{26A32553-2010-407E-8CBC-5F171AA22AFA}.Debug|x86.ActiveCfg = Debug|Any CPU
		{26A32553-2010-407E-8CBC-5F171AA22AFA}.Debug|x86.Build.0 = Debug|Any CPU
		{26A32553-2010-407E-8CBC-5F171AA22AFA}.Release|Any CPU.ActiveCfg = Release|Any CPU
		{26A32553-2010-407E-8CBC-5F171AA22AFA}.Release|Any CPU.Build.0 = Release|Any CPU
		{26A32553-2010-407E-8CBC-5F171AA22AFA}.Release|x64.ActiveCfg = Release|Any CPU
		{26A32553-2010-407E-8CBC-5F171AA22AFA}.Release|x64.Build.0 = Release|Any CPU
		{26A32553-2010-407E-8CBC-5F171AA22AFA}.Release|x86.ActiveCfg = Release|Any CPU
		{26A32553-2010-407E-8CBC-5F171AA22AFA}.Release|x86.Build.0 = Release|Any CPU
		{BA22EDA5-7CF5-46AF-B70B-571686437D49}.Debug|Any CPU.ActiveCfg = Debug|Any CPU
		{BA22EDA5-7CF5-46AF-B70B-571686437D49}.Debug|Any CPU.Build.0 = Debug|Any CPU
		{BA22EDA5-7CF5-46AF-B70B-571686437D49}.Debug|x64.ActiveCfg = Debug|Any CPU
		{BA22EDA5-7CF5-46AF-B70B-571686437D49}.Debug|x64.Build.0 = Debug|Any CPU
		{BA22EDA5-7CF5-46AF-B70B-571686437D49}.Debug|x86.ActiveCfg = Debug|Any CPU
		{BA22EDA5-7CF5-46AF-B70B-571686437D49}.Debug|x86.Build.0 = Debug|Any CPU
		{BA22EDA5-7CF5-46AF-B70B-571686437D49}.Release|Any CPU.ActiveCfg = Release|Any CPU
		{BA22EDA5-7CF5-46AF-B70B-571686437D49}.Release|Any CPU.Build.0 = Release|Any CPU
		{BA22EDA5-7CF5-46AF-B70B-571686437D49}.Release|x64.ActiveCfg = Release|Any CPU
		{BA22EDA5-7CF5-46AF-B70B-571686437D49}.Release|x64.Build.0 = Release|Any CPU
		{BA22EDA5-7CF5-46AF-B70B-571686437D49}.Release|x86.ActiveCfg = Release|Any CPU
		{BA22EDA5-7CF5-46AF-B70B-571686437D49}.Release|x86.Build.0 = Release|Any CPU
		{4C754F8B-9752-480C-9E10-FB908895739F}.Debug|Any CPU.ActiveCfg = Debug|Any CPU
		{4C754F8B-9752-480C-9E10-FB908895739F}.Debug|Any CPU.Build.0 = Debug|Any CPU
		{4C754F8B-9752-480C-9E10-FB908895739F}.Debug|x64.ActiveCfg = Debug|Any CPU
		{4C754F8B-9752-480C-9E10-FB908895739F}.Debug|x64.Build.0 = Debug|Any CPU
		{4C754F8B-9752-480C-9E10-FB908895739F}.Debug|x86.ActiveCfg = Debug|Any CPU
		{4C754F8B-9752-480C-9E10-FB908895739F}.Debug|x86.Build.0 = Debug|Any CPU
		{4C754F8B-9752-480C-9E10-FB908895739F}.Release|Any CPU.ActiveCfg = Release|Any CPU
		{4C754F8B-9752-480C-9E10-FB908895739F}.Release|Any CPU.Build.0 = Release|Any CPU
		{4C754F8B-9752-480C-9E10-FB908895739F}.Release|x64.ActiveCfg = Release|Any CPU
		{4C754F8B-9752-480C-9E10-FB908895739F}.Release|x64.Build.0 = Release|Any CPU
		{4C754F8B-9752-480C-9E10-FB908895739F}.Release|x86.ActiveCfg = Release|Any CPU
		{4C754F8B-9752-480C-9E10-FB908895739F}.Release|x86.Build.0 = Release|Any CPU
	EndGlobalSection
	GlobalSection(SolutionProperties) = preSolution
		HideSolutionNode = FALSE
	EndGlobalSection
	GlobalSection(ExtensibilityGlobals) = postSolution
		SolutionGuid = {3184DD5B-E031-45C3-88A9-735F775BFFC1}
	EndGlobalSection
EndGlobal
